
Microsoft Visual Studio Solution File, Format Version 12.00
# Visual Studio Version 16
VisualStudioVersion = 16.0.31605.320
MinimumVisualStudioVersion = 10.0.40219.1
Project("{9A19103F-16F7-4668-BE54-9A1E7A4F7556}") = "MatrizenBibliothek", "MatrizenBibliothek\MatrizenBibliothek.csproj", "{5895D5C9-A119-4215-A259-EB3E6504A099}"
EndProject
Project("{FAE04EC0-301F-11D3-BF4B-00C04F79EFBC}") = "MatrizenTests", "MatrizenTestProjekt\MatrizenTests.csproj", "{C9010A5F-DDAE-4DC3-A825-B4E4ECAEF675}"
EndProject
Global
	GlobalSection(SolutionConfigurationPlatforms) = preSolution
		Debug|Any CPU = Debug|Any CPU
		Release|Any CPU = Release|Any CPU
	EndGlobalSection
	GlobalSection(ProjectConfigurationPlatforms) = postSolution
		{5895D5C9-A119-4215-A259-EB3E6504A099}.Debug|Any CPU.ActiveCfg = Debug|Any CPU
		{5895D5C9-A119-4215-A259-EB3E6504A099}.Debug|Any CPU.Build.0 = Debug|Any CPU
		{5895D5C9-A119-4215-A259-EB3E6504A099}.Release|Any CPU.ActiveCfg = Release|Any CPU
		{5895D5C9-A119-4215-A259-EB3E6504A099}.Release|Any CPU.Build.0 = Release|Any CPU
		{C9010A5F-DDAE-4DC3-A825-B4E4ECAEF675}.Debug|Any CPU.ActiveCfg = Debug|Any CPU
		{C9010A5F-DDAE-4DC3-A825-B4E4ECAEF675}.Debug|Any CPU.Build.0 = Debug|Any CPU
		{C9010A5F-DDAE-4DC3-A825-B4E4ECAEF675}.Release|Any CPU.ActiveCfg = Release|Any CPU
		{C9010A5F-DDAE-4DC3-A825-B4E4ECAEF675}.Release|Any CPU.Build.0 = Release|Any CPU
	EndGlobalSection
	GlobalSection(SolutionProperties) = preSolution
		HideSolutionNode = FALSE
	EndGlobalSection
	GlobalSection(ExtensibilityGlobals) = postSolution
		SolutionGuid = {A7502822-C77B-4289-A479-A1EBEDC1E364}
	EndGlobalSection
EndGlobal
